
Microsoft Visual Studio Solution File, Format Version 12.00
# Visual Studio Version 16
VisualStudioVersion = 16.0.29806.167
MinimumVisualStudioVersion = 10.0.40219.1
Project("{FAE04EC0-301F-11D3-BF4B-00C04F79EFBC}") = "MockingBlazorDependencies", "MockingBlazorDependencies\MockingBlazorDependencies.csproj", "{3FDB94B5-352F-4D41-8C48-71BC28BD4948}"
EndProject
Project("{FAE04EC0-301F-11D3-BF4B-00C04F79EFBC}") = "MockingBlazorDependencies.Tests", "MockingBlazorDependencies.Tests\MockingBlazorDependencies.Tests.csproj", "{34950456-7CE1-4C71-835C-A41DA78F4203}"
EndProject
Global
	GlobalSection(SolutionConfigurationPlatforms) = preSolution
		Debug|Any CPU = Debug|Any CPU
		Release|Any CPU = Release|Any CPU
	EndGlobalSection
	GlobalSection(ProjectConfigurationPlatforms) = postSolution
		{3FDB94B5-352F-4D41-8C48-71BC28BD4948}.Debug|Any CPU.ActiveCfg = Debug|Any CPU
		{3FDB94B5-352F-4D41-8C48-71BC28BD4948}.Debug|Any CPU.Build.0 = Debug|Any CPU
		{3FDB94B5-352F-4D41-8C48-71BC28BD4948}.Release|Any CPU.ActiveCfg = Release|Any CPU
		{3FDB94B5-352F-4D41-8C48-71BC28BD4948}.Release|Any CPU.Build.0 = Release|Any CPU
		{34950456-7CE1-4C71-835C-A41DA78F4203}.Debug|Any CPU.ActiveCfg = Debug|Any CPU
		{34950456-7CE1-4C71-835C-A41DA78F4203}.Debug|Any CPU.Build.0 = Debug|Any CPU
		{34950456-7CE1-4C71-835C-A41DA78F4203}.Release|Any CPU.ActiveCfg = Release|Any CPU
		{34950456-7CE1-4C71-835C-A41DA78F4203}.Release|Any CPU.Build.0 = Release|Any CPU
	EndGlobalSection
	GlobalSection(SolutionProperties) = preSolution
		HideSolutionNode = FALSE
	EndGlobalSection
	GlobalSection(ExtensibilityGlobals) = postSolution
		SolutionGuid = {B64E2E28-83DD-485D-8922-5F9D1FC381AB}
	EndGlobalSection
EndGlobal
